lockfileVersion: '9.0'

settings:
  autoInstallPeers: true
  excludeLinksFromLockfile: false

importers:

  .:
    devDependencies:
      baseline-browser-mapping:
        specifier: ^2.11.1
        version: 2.11.1

packages:

  baseline-browser-mapping@2.11.1:
    resolution: {integrity: sha512-HYXq73DDpCtNzOmrFsm9eSwCvWCql0RzqjpDzXN9EadiLJ4DNat0nsZ/Bzmy+Ud12mb4/zKDY0cQ805ZzN+i0A==}
    engines: {node: '>=6.0.0'}
    hasBin: true

snapshots:

  baseline-browser-mapping@2.11.1: {}
